<?xml version="1.0" encoding="utf-8"?>
<Project ToolsVersion="4.0" xmlns="http://schemas.microsoft.com/developer/msbuild/2003">
  <ItemGroup>
    <ClCompile Include="Character.cpp" />
    <ClCompile Include="Collision.cpp" />
    <ClCompile Include="Game.cpp" />
    <ClCompile Include="main.cpp" />
    <ClCompile Include="mainMenu.cpp" />
    <ClCompile Include="statistic.cpp" />
    <ClCompile Include="Movable.cpp" />
    <ClCompile Include="Drawable.cpp" />
  </ItemGroup>
  <ItemGroup>
    <ClInclude Include="Character.h" />
    <ClInclude Include="Collision.h" />
    <ClInclude Include="Game.hpp" />
    <ClInclude Include="mainMenu.hpp" />
    <ClInclude Include="statistic.hpp" />
    <ClInclude Include="Movable.h" />
    <ClInclude Include="Drawable.h" />
  </ItemGroup>
</Project>